// !$*UTF8*$!
{
	archiveVersion = 1;
	classes = {
	};
	objectVersion = 77;
	objects = {

/* Begin PBXContainerItemProxy section */
		F498B1502E5DFDAE00A93EB1 /* PBXContainerItemProxy */ = {
			isa = PBXContainerItemProxy;
			containerPortal = F498B1362E5DFDAC00A93EB1 /* Project object */;
			proxyType = 1;
			remoteGlobalIDString = F498B13D2E5DFDAC00A93EB1;
			remoteInfo = GradeTracker;
		};
		F498B15A2E5DFDAE00A93EB1 /* PBXContainerItemProxy */ = {
			isa = PBXContainerItemProxy;
			containerPortal = F498B1362E5DFDAC00A93EB1 /* Project object */;
			proxyType = 1;
			remoteGlobalIDString = F498B13D2E5DFDAC00A93EB1;
			remoteInfo = GradeTracker;
		};
/* End PBXContainerItemProxy section */

/* Begin PBXFileReference section */
		F498B13E2E5DFDAC00A93EB1 /* GradeTracker.app */ = {isa = PBXFileReference; explicitFileType = wrapper.application; includeInIndex = 0; path = GradeTracker.app; sourceTree = BUILT_PRODUCTS_DIR; };
		F498B14F2E5DFDAE00A93EB1 /* GradeTrackerTests.xctest */ = {isa = PBXFileReference; explicitFileType = wrapper.cfbundle; includeInIndex = 0; path = GradeTrackerTests.xctest; sourceTree = BUILT_PRODUCTS_DIR; };
		F498B1592E5DFDAE00A93EB1 /* GradeTrackerUITests.xctest */ = {isa = PBXFileReference; explicitFileType = wrapper.cfbundle; includeInIndex = 0; path = GradeTrackerUITests.xctest; sourceTree = BUILT_PRODUCTS_DIR; };
/* End PBXFileReference section */

/* Begin PBXFileSystemSynchronizedBuildFileExceptionSet section */
		F498B1612E5DFDAE00A93EB1 /* Exceptions for "GradeTracker" folder in "GradeTracker" target */ = {
			isa = PBXFileSystemSynchronizedBuildFileExceptionSet;
			membershipExceptions = (
				Info.plist,
			);
			target = F498B13D2E5DFDAC00A93EB1 /* GradeTracker */;
		};
/* End PBXFileSystemSynchronizedBuildFileExceptionSet section */

/* Begin PBXFileSystemSynchronizedRootGroup section */
		F498B1402E5DFDAC00A93EB1 /* GradeTracker */ = {
			isa = PBXFileSystemSynchronizedRootGroup;
			exceptions = (
				F498B1612E5DFDAE00A93EB1 /* Exceptions for "GradeTracker" folder in "GradeTracker" target */,
			);
			path = GradeTracker;
			sourceTree = "<group>";
		};
		F498B1522E5DFDAE00A93EB1 /* GradeTrackerTests */ = {
			isa = PBXFileSystemSynchronizedRootGroup;
			path = GradeTrackerTests;
			sourceTree = "<group>";
		};
		F498B15C2E5DFDAE00A93EB1 /* GradeTrackerUITests */ = {
			isa = PBXFileSystemSynchronizedRootGroup;
			path = GradeTrackerUITests;
			sourceTree = "<group>";
		};
/* End PBXFileSystemSynchronizedRootGroup section */

/* Begin PBXFrameworksBuildPhase section */
		F498B13B2E5DFDAC00A93EB1 /* Frameworks */ = {
			isa = PBXFrameworksBuildPhase;
			buildActionMask = 2147483647;
			files = (
			);
			runOnlyForDeploymentPostprocessing = 0;
		};
		F498B14C2E5DFDAE00A93EB1 /* Frameworks */ = {
			isa = PBXFrameworksBuildPhase;
			buildActionMask = 2147483647;
			files = (
			);
			runOnlyForDeploymentPostprocessing = 0;
		};
		F498B1562E5DFDAE00A93EB1 /* Frameworks */ = {
			isa = PBXFrameworksBuildPhase;
			buildActionMask = 2147483647;
			files = (
			);
			runOnlyForDeploymentPostprocessing = 0;
		};
/* End PBXFrameworksBuildPhase section */

/* Begin PBXGroup section */
		F498B1352E5DFDAC00A93EB1 = {
			isa = PBXGroup;
			children = (
				F498B1402E5DFDAC00A93EB1 /* GradeTracker */,
				F498B1522E5DFDAE00A93EB1 /* GradeTrackerTests */,
				F498B15C2E5DFDAE00A93EB1 /* GradeTrackerUITests */,
				F498B13F2E5DFDAC00A93EB1 /* Products */,
			);
			sourceTree = "<group>";
		};
		F498B13F2E5DFDAC00A93EB1 /* Products */ = {
			isa = PBXGroup;
			children = (
				F498B13E2E5DFDAC00A93EB1 /* GradeTracker.app */,
				F498B14F2E5DFDAE00A93EB1 /* GradeTrackerTests.xctest */,
				F498B1592E5DFDAE00A93EB1 /* GradeTrackerUITests.xctest */,
			);
			name = Products;
			sourceTree = "<group>";
		};
/* End PBXGroup section */

/* Begin PBXNativeTarget section */
		F498B13D2E5DFDAC00A93EB1 /* GradeTracker */ = {
			isa = PBXNativeTarget;
			buildConfigurationList = F498B1622E5DFDAE00A93EB1 /* Build configuration list for PBXNativeTarget "GradeTracker" */;
			buildPhases = (
				F498B13A2E5DFDAC00A93EB1 /* Sources */,
				F498B13B2E5DFDAC00A93EB1 /* Frameworks */,
				F498B13C2E5DFDAC00A93EB1 /* Resources */,
			);
			buildRules = (
			);
			dependencies = (
			);
			fileSystemSynchronizedGroups = (
				F498B1402E5DFDAC00A93EB1 /* GradeTracker */,
			);
			name = GradeTracker;
			packageProductDependencies = (
			);
			productName = GradeTracker;
			productReference = F498B13E2E5DFDAC00A93EB1 /* GradeTracker.app */;
			productType = "com.apple.product-type.application";
		};
		F498B14E2E5DFDAE00A93EB1 /* GradeTrackerTests */ = {
			isa = PBXNativeTarget;
			buildConfigurationList = F498B1672E5DFDAE00A93EB1 /* Build configuration list for PBXNativeTarget "GradeTrackerTests" */;
			buildPhases = (
				F498B14B2E5DFDAE00A93EB1 /* Sources */,
				F498B14C2E5DFDAE00A93EB1 /* Frameworks */,
				F498B14D2E5DFDAE00A93EB1 /* Resources */,
			);
			buildRules = (
			);
			dependencies = (
				F498B1512E5DFDAE00A93EB1 /* PBXTargetDependency */,
			);
			fileSystemSynchronizedGroups = (
				F498B1522E5DFDAE00A93EB1 /* GradeTrackerTests */,
			);
			name = GradeTrackerTests;
			packageProductDependencies = (
			);
			productName = GradeTrackerTests;
			productReference = F498B14F2E5DFDAE00A93EB1 /* GradeTrackerTests.xctest */;
			productType = "com.apple.product-type.bundle.unit-test";
		};
		F498B1582E5DFDAE00A93EB1 /* GradeTrackerUITests */ = {
			isa = PBXNativeTarget;
			buildConfigurationList = F498B16A2E5DFDAE00A93EB1 /* Build configuration list for PBXNativeTarget "GradeTrackerUITests" */;
			buildPhases = (
				F498B1552E5DFDAE00A93EB1 /* Sources */,
				F498B1562E5DFDAE00A93EB1 /* Frameworks */,
				F498B1572E5DFDAE00A93EB1 /* Resources */,
			);
			buildRules = (
			);
			dependencies = (
				F498B15B2E5DFDAE00A93EB1 /* PBXTargetDependency */,
			);
			fileSystemSynchronizedGroups = (
				F498B15C2E5DFDAE00A93EB1 /* GradeTrackerUITests */,
			);
			name = GradeTrackerUITests;
			packageProductDependencies = (
			);
			productName = GradeTrackerUITests;
			productReference = F498B1592E5DFDAE00A93EB1 /* GradeTrackerUITests.xctest */;
			productType = "com.apple.product-type.bundle.ui-testing";
		};
/* End PBXNativeTarget section */

/* Begin PBXProject section */
		F498B1362E5DFDAC00A93EB1 /* Project object */ = {
			isa = PBXProject;
			attributes = {
				BuildIndependentTargetsInParallel = 1;
				LastSwiftUpdateCheck = 1640;
				LastUpgradeCheck = 1640;
				TargetAttributes = {
					F498B13D2E5DFDAC00A93EB1 = {
						CreatedOnToolsVersion = 16.4;
					};
					F498B14E2E5DFDAE00A93EB1 = {
						CreatedOnToolsVersion = 16.4;
						TestTargetID = F498B13D2E5DFDAC00A93EB1;
					};
					F498B1582E5DFDAE00A93EB1 = {
						CreatedOnToolsVersion = 16.4;
						TestTargetID = F498B13D2E5DFDAC00A93EB1;
					};
				};
			};
			buildConfigurationList = F498B1392E5DFDAC00A93EB1 /* Build configuration list for PBXProject "GradeTracker" */;
			developmentRegion = en;
			hasScannedForEncodings = 0;
			knownRegions = (
				en,
				Base,
			);
			mainGroup = F498B1352E5DFDAC00A93EB1;
			minimizedProjectReferenceProxies = 1;
			preferredProjectObjectVersion = 77;
			productRefGroup = F498B13F2E5DFDAC00A93EB1 /* Products */;
			projectDirPath = "";
			projectRoot = "";
			targets = (
				F498B13D2E5DFDAC00A93EB1 /* GradeTracker */,
				F498B14E2E5DFDAE00A93EB1 /* GradeTrackerTests */,
				F498B1582E5DFDAE00A93EB1 /* GradeTrackerUITests */,
			);
		};
/* End PBXProject section */

/* Begin PBXResourcesBuildPhase section */
		F498B13C2E5DFDAC00A93EB1 /* Resources */ = {
			isa = PBXResourcesBuildPhase;
			buildActionMask = 2147483647;
			files = (
			);
			runOnlyForDeploymentPostprocessing = 0;
		};
		F498B14D2E5DFDAE00A93EB1 /* Resources */ = {
			isa = PBXResourcesBuildPhase;
			buildActionMask = 2147483647;
			files = (
			);
			runOnlyForDeploymentPostprocessing = 0;
		};
		F498B1572E5DFDAE00A93EB1 /* Resources */ = {
			isa = PBXResourcesBuildPhase;
			buildActionMask = 2147483647;
			files = (
			);
			runOnlyForDeploymentPostprocessing = 0;
		};
/* End PBXResourcesBuildPhase section */

/* Begin PBXSourcesBuildPhase section */
		F498B13A2E5DFDAC00A93EB1 /* Sources */ = {
			isa = PBXSourcesBuildPhase;
			buildActionMask = 2147483647;
			files = (
			);
			runOnlyForDeploymentPostprocessing = 0;
		};
		F498B14B2E5DFDAE00A93EB1 /* Sources */ = {
			isa = PBXSourcesBuildPhase;
			buildActionMask = 2147483647;
			files = (
			);
			runOnlyForDeploymentPostprocessing = 0;
		};
		F498B1552E5DFDAE00A93EB1 /* Sources */ = {
			isa = PBXSourcesBuildPhase;
			buildActionMask = 2147483647;
			files = (
			);
			runOnlyForDeploymentPostprocessing = 0;
		};
/* End PBXSourcesBuildPhase section */

/* Begin PBXTargetDependency section */
		F498B1512E5DFDAE00A93EB1 /* PBXTargetDependency */ = {
			isa = PBXTargetDependency;
			target = F498B13D2E5DFDAC00A93EB1 /* GradeTracker */;
			targetProxy = F498B1502E5DFDAE00A93EB1 /* PBXContainerItemProxy */;
		};
		F498B15B2E5DFDAE00A93EB1 /* PBXTargetDependency */ = {
			isa = PBXTargetDependency;
			target = F498B13D2E5DFDAC00A93EB1 /* GradeTracker */;
			targetProxy = F498B15A2E5DFDAE00A93EB1 /* PBXContainerItemProxy */;
		};
/* End PBXTargetDependency section */

/* Begin XCBuildConfiguration section */
		F498B1632E5DFDAE00A93EB1 /* Debug */ = {
			isa = XCBuildConfiguration;
			buildSettings = {
				ASSETCATALOG_COMPILER_APPICON_NAME = AppIcon;
				ASSETCATALOG_COMPILER_GLOBAL_ACCENT_COLOR_NAME = AccentColor;
				CODE_SIGN_ENTITLEMENTS = GradeTracker/GradeTracker.entitlements;
				CODE_SIGN_STYLE = Automatic;
				CURRENT_PROJECT_VERSION = 1;
				DEVELOPMENT_TEAM = H46F5Z8KW7;
				ENABLE_PREVIEWS = YES;
				GENERATE_INFOPLIST_FILE = YES;
				INFOPLIST_FILE = GradeTracker/Info.plist;
				INFOPLIST_KEY_UIApplicationSceneManifest_Generation = YES;
				INFOPLIST_KEY_UIApplicationSupportsIndirectInputEvents = YES;
				INFOPLIST_KEY_UILaunchScreen_Generation = YES;
				INFOPLIST_KEY_UISupportedInterfaceOrientations_iPad = "UIInterfaceOrientationPortrait UIInterfaceOrientationPortraitUpsideDown UIInterfaceOrientationLandscapeLeft UIInterfaceOrientationLandscapeRight";
				INFOPLIST_KEY_UISupportedInterfaceOrientations_iPhone = "UIInterfaceOrientationPortrait UIInterfaceOrientationLandscapeLeft UIInterfaceOrientationLandscapeRight";
				LD_RUNPATH_SEARCH_PATHS = (
					"$(inherited)",
					"@executable_path/Frameworks",
				);
				MARKETING_VERSION = 1.0;
				PRODUCT_BUNDLE_IDENTIFIER = com.snig.GradeTracker;
				PRODUCT_NAME = "$(TARGET_NAME)";
				SWIFT_EMIT_LOC_STRINGS = YES;
				SWIFT_VERSION = 5.0;
				TARGETED_DEVICE_FAMILY = "1,2";
			};
			name = Debug;
		};
		F498B1642E5DFDAE00A93EB1 /* Release */ = {
			isa = XCBuildConfiguration;
			buildSettings = {
				ASSETCATALOG_COMPILER_APPICON_NAME = AppIcon;
				ASSETCATALOG_COMPILER_GLOBAL_ACCENT_COLOR_NAME = AccentColor;
				CODE_SIGN_ENTITLEMENTS = GradeTracker/GradeTracker.entitlements;
				CODE_SIGN_STYLE = Automatic;
				CURRENT_PROJECT_VERSION = 1;
				DEVELOPMENT_TEAM = H46F5Z8KW7;
				ENABLE_PREVIEWS = YES;
				GENERATE_INFOPLIST_FILE = YES;
				INFOPLIST_FILE = GradeTracker/Info.plist;
				INFOPLIST_KEY_UIApplicationSceneManifest_Generation = YES;
				INFOPLIST_KEY_UIApplicationSupportsIndirectInputEvents = YES;
				INFOPLIST_KEY_UILaunchScreen_Generation = YES;
				INFOPLIST_KEY_UISupportedInterfaceOrientations_iPad = "UIInterfaceOrientationPortrait UIInterfaceOrientationPortraitUpsideDown UIInterfaceOrientationLandscapeLeft UIInterfaceOrientationLandscapeRight";
				INFOPLIST_KEY_UISupportedInterfaceOrientations_iPhone = "UIInterfaceOrientationPortrait UIInterfaceOrientationLandscapeLeft UIInterfaceOrientationLandscapeRight";
				LD_RUNPATH_SEARCH_PATHS = (
					"$(inherited)",
					"@executable_path/Frameworks",
				);
				MARKETING_VERSION = 1.0;
				PRODUCT_BUNDLE_IDENTIFIER = com.snig.GradeTracker;
				PRODUCT_NAME = "$(TARGET_NAME)";
				SWIFT_EMIT_LOC_STRINGS = YES;
				SWIFT_VERSION = 5.0;
				TARGETED_DEVICE_FAMILY = "1,2";
			};
			name = Release;
		};
		F498B1652E5DFDAE00A93EB1 /* Debug */ = {
			isa = XCBuildConfiguration;
			buildSettings = {
				ALWAYS_SEARCH_USER_PATHS = NO;
				ASSETCATALOG_COMPILER_GENERATE_SWIFT_ASSET_SYMBOL_EXTENSIONS = YES;
				CLANG_ANALYZER_NONNULL = YES;
				CLANG_ANALYZER_NUMBER_OBJECT_CONVERSION = YES_AGGRESSIVE;
				CLANG_CXX_LANGUAGE_STANDARD = "gnu++20";
				CLANG_ENABLE_MODULES = YES;
				CLANG_ENABLE_OBJC_ARC = YES;
				CLANG_ENABLE_OBJC_WEAK = YES;
				CLANG_WARN_BLOCK_CAPTURE_AUTORELEASING = YES;
				CLANG_WARN_BOOL_CONVERSION = YES;
				CLANG_WARN_COMMA = YES;
				CLANG_WARN_CONSTANT_CONVERSION = YES;
				CLANG_WARN_DEPRECATED_OBJC_IMPLEMENTATIONS = YES;
				CLANG_WARN_DIRECT_OBJC_ISA_USAGE = YES_ERROR;
				CLANG_WARN_DOCUMENTATION_COMMENTS = YES;
				CLANG_WARN_EMPTY_BODY = YES;
				CLANG_WARN_ENUM_CONVERSION = YES;
				CLANG_WARN_INFINITE_RECURSION = YES;
				CLANG_WARN_INT_CONVERSION = YES;
				CLANG_WARN_NON_LITERAL_NULL_CONVERSION = YES;
				CLANG_WARN_OBJC_IMPLICIT_RETAIN_SELF = YES;
				CLANG_WARN_OBJC_LITERAL_CONVERSION = YES;
				CLANG_WARN_OBJC_ROOT_CLASS = YES_ERROR;
				CLANG_WARN_QUOTED_INCLUDE_IN_FRAMEWORK_HEADER = YES;
				CLANG_WARN_RANGE_LOOP_ANALYSIS = YES;
				CLANG_WARN_STRICT_PROTOTYPES = YES;
				CLANG_WARN_SUSPICIOUS_MOVE = YES;
				CLANG_WARN_UNGUARDED_AVAILABILITY = YES_AGGRESSIVE;
				CLANG_WARN_UNREACHABLE_CODE = YES;
				CLANG_WARN__DUPLICATE_METHOD_MATCH = YES;
				COPY_PHASE_STRIP = NO;
				DEBUG_INFORMATION_FORMAT = dwarf;
				DEVELOPMENT_TEAM = H46F5Z8KW7;
				ENABLE_STRICT_OBJC_MSGSEND = YES;
				ENABLE_TESTABILITY = YES;
				ENABLE_USER_SCRIPT_SANDBOXING = YES;
				GCC_C_LANGUAGE_STANDARD = gnu17;
				GCC_DYNAMIC_NO_PIC = NO;
				GCC_NO_COMMON_BLOCKS = YES;
				GCC_OPTIMIZATION_LEVEL = 0;
				GCC_PREPROCESSOR_DEFINITIONS = (
					"DEBUG=1",
					"$(inherited)",
				);
				GCC_WARN_64_TO_32_BIT_CONVERSION = YES;
				GCC_WARN_ABOUT_RETURN_TYPE = YES_ERROR;
				GCC_WARN_UNDECLARED_SELECTOR = YES;
				GCC_WARN_UNINITIALIZED_AUTOS = YES_AGGRESSIVE;
				GCC_WARN_UNUSED_FUNCTION = YES;
				GCC_WARN_UNUSED_VARIABLE = YES;
				IPHONEOS_DEPLOYMENT_TARGET = 18.5;
				LOCALIZATION_PREFERS_STRING_CATALOGS = YES;
				MTL_ENABLE_DEBUG_INFO = INCLUDE_SOURCE;
				MTL_FAST_MATH = YES;
				ONLY_ACTIVE_ARCH = YES;
				SDKROOT = iphoneos;
				SWIFT_ACTIVE_COMPILATION_CONDITIONS = "DEBUG $(inherited)";
				SWIFT_OPTIMIZATION_LEVEL = "-Onone";
			};
			name = Debug;
		};
		F498B1662E5DFDAE00A93EB1 /* Release */ = {
			isa = XCBuildConfiguration;
			buildSettings = {
				ALWAYS_SEARCH_USER_PATHS = NO;
				ASSETCATALOG_COMPILER_GENERATE_SWIFT_ASSET_SYMBOL_EXTENSIONS = YES;
				CLANG_ANALYZER_NONNULL = YES;
				CLANG_ANALYZER_NUMBER_OBJECT_CONVERSION = YES_AGGRESSIVE;
				CLANG_CXX_LANGUAGE_STANDARD = "gnu++20";
				CLANG_ENABLE_MODULES = YES;
				CLANG_ENABLE_OBJC_ARC = YES;
				CLANG_ENABLE_OBJC_WEAK = YES;
				CLANG_WARN_BLOCK_CAPTURE_AUTORELEASING = YES;
				CLANG_WARN_BOOL_CONVERSION = YES;
				CLANG_WARN_COMMA = YES;
				CLANG_WARN_CONSTANT_CONVERSION = YES;
				CLANG_WARN_DEPRECATED_OBJC_IMPLEMENTATIONS = YES;
				CLANG_WARN_DIRECT_OBJC_ISA_USAGE = YES_ERROR;
				CLANG_WARN_DOCUMENTATION_COMMENTS = YES;
				CLANG_WARN_EMPTY_BODY = YES;
				CLANG_WARN_ENUM_CONVERSION = YES;
				CLANG_WARN_INFINITE_RECURSION = YES;
				CLANG_WARN_INT_CONVERSION = YES;
				CLANG_WARN_NON_LITERAL_NULL_CONVERSION = YES;
				CLANG_WARN_OBJC_IMPLICIT_RETAIN_SELF = YES;
				CLANG_WARN_OBJC_LITERAL_CONVERSION = YES;
				CLANG_WARN_OBJC_ROOT_CLASS = YES_ERROR;
				CLANG_WARN_QUOTED_INCLUDE_IN_FRAMEWORK_HEADER = YES;
				CLANG_WARN_RANGE_LOOP_ANALYSIS = YES;
				CLANG_WARN_STRICT_PROTOTYPES = YES;
				CLANG_WARN_SUSPICIOUS_MOVE = YES;
				CLANG_WARN_UNGUARDED_AVAILABILITY = YES_AGGRESSIVE;
				CLANG_WARN_UNREACHABLE_CODE = YES;
				CLANG_WARN__DUPLICATE_METHOD_MATCH = YES;
				COPY_PHASE_STRIP = NO;
				DEBUG_INFORMATION_FORMAT = "dwarf-with-dsym";
				DEVELOPMENT_TEAM = H46F5Z8KW7;
				ENABLE_NS_ASSERTIONS = NO;
				ENABLE_STRICT_OBJC_MSGSEND = YES;
				ENABLE_USER_SCRIPT_SANDBOXING = YES;
				GCC_C_LANGUAGE_STANDARD = gnu17;
				GCC_NO_COMMON_BLOCKS = YES;
				GCC_WARN_64_TO_32_BIT_CONVERSION = YES;
				GCC_WARN_ABOUT_RETURN_TYPE = YES_ERROR;
				GCC_WARN_UNDECLARED_SELECTOR = YES;
				GCC_WARN_UNINITIALIZED_AUTOS = YES_AGGRESSIVE;
				GCC_WARN_UNUSED_FUNCTION = YES;
				GCC_WARN_UNUSED_VARIABLE = YES;
				IPHONEOS_DEPLOYMENT_TARGET = 18.5;
				LOCALIZATION_PREFERS_STRING_CATALOGS = YES;
				MTL_ENABLE_DEBUG_INFO = NO;
				MTL_FAST_MATH = YES;
				SDKROOT = iphoneos;
				SWIFT_COMPILATION_MODE = wholemodule;
				VALIDATE_PRODUCT = YES;
			};
			name = Release;
		};
		F498B1682E5DFDAE00A93EB1 /* Debug */ = {
			isa = XCBuildConfiguration;
			buildSettings = {
				BUNDLE_LOADER = "$(TEST_HOST)";
				CODE_SIGN_STYLE = Automatic;
				CURRENT_PROJECT_VERSION = 1;
				DEVELOPMENT_TEAM = H46F5Z8KW7;
				GENERATE_INFOPLIST_FILE = YES;
				IPHONEOS_DEPLOYMENT_TARGET = 18.5;
				MARKETING_VERSION = 1.0;
				PRODUCT_BUNDLE_IDENTIFIER = com.snig.GradeTrackerTests;
				PRODUCT_NAME = "$(TARGET_NAME)";
				SWIFT_EMIT_LOC_STRINGS = NO;
				SWIFT_VERSION = 5.0;
				TARGETED_DEVICE_FAMILY = "1,2";
				TEST_HOST = "$(BUILT_PRODUCTS_DIR)/GradeTracker.app/$(BUNDLE_EXECUTABLE_FOLDER_PATH)/GradeTracker";
			};
			name = Debug;
		};
		F498B1692E5DFDAE00A93EB1 /* Release */ = {
			isa = XCBuildConfiguration;
			buildSettings = {
				BUNDLE_LOADER = "$(TEST_HOST)";
				CODE_SIGN_STYLE = Automatic;
				CURRENT_PROJECT_VERSION = 1;
				DEVELOPMENT_TEAM = H46F5Z8KW7;
				GENERATE_INFOPLIST_FILE = YES;
				IPHONEOS_DEPLOYMENT_TARGET = 18.5;
				MARKETING_VERSION = 1.0;
				PRODUCT_BUNDLE_IDENTIFIER = com.snig.GradeTrackerTests;
				PRODUCT_NAME = "$(TARGET_NAME)";
				SWIFT_EMIT_LOC_STRINGS = NO;
				SWIFT_VERSION = 5.0;
				TARGETED_DEVICE_FAMILY = "1,2";
				TEST_HOST = "$(BUILT_PRODUCTS_DIR)/GradeTracker.app/$(BUNDLE_EXECUTABLE_FOLDER_PATH)/GradeTracker";
			};
			name = Release;
		};
		F498B16B2E5DFDAE00A93EB1 /* Debug */ = {
			isa = XCBuildConfiguration;
			buildSettings = {
				CODE_SIGN_STYLE = Automatic;
				CURRENT_PROJECT_VERSION = 1;
				DEVELOPMENT_TEAM = H46F5Z8KW7;
				GENERATE_INFOPLIST_FILE = YES;
				MARKETING_VERSION = 1.0;
				PRODUCT_BUNDLE_IDENTIFIER = com.snig.GradeTrackerUITests;
				PRODUCT_NAME = "$(TARGET_NAME)";
				SWIFT_EMIT_LOC_STRINGS = NO;
				SWIFT_VERSION = 5.0;
				TARGETED_DEVICE_FAMILY = "1,2";
				TEST_TARGET_NAME = GradeTracker;
			};
			name = Debug;
		};
		F498B16C2E5DFDAE00A93EB1 /* Release */ = {
			isa = XCBuildConfiguration;
			buildSettings = {
				CODE_SIGN_STYLE = Automatic;
				CURRENT_PROJECT_VERSION = 1;
				DEVELOPMENT_TEAM = H46F5Z8KW7;
				GENERATE_INFOPLIST_FILE = YES;
				MARKETING_VERSION = 1.0;
				PRODUCT_BUNDLE_IDENTIFIER = com.snig.GradeTrackerUITests;
				PRODUCT_NAME = "$(TARGET_NAME)";
				SWIFT_EMIT_LOC_STRINGS = NO;
				SWIFT_VERSION = 5.0;
				TARGETED_DEVICE_FAMILY = "1,2";
				TEST_TARGET_NAME = GradeTracker;
			};
			name = Release;
		};
/* End XCBuildConfiguration section */

/* Begin XCConfigurationList section */
		F498B1392E5DFDAC00A93EB1 /* Build configuration list for PBXProject "GradeTracker" */ = {
			isa = XCConfigurationList;
			buildConfigurations = (
				F498B1652E5DFDAE00A93EB1 /* Debug */,
				F498B1662E5DFDAE00A93EB1 /* Release */,
			);
			defaultConfigurationIsVisible = 0;
			defaultConfigurationName = Release;
		};
		F498B1622E5DFDAE00A93EB1 /* Build configuration list for PBXNativeTarget "GradeTracker" */ = {
			isa = XCConfigurationList;
			buildConfigurations = (
				F498B1632E5DFDAE00A93EB1 /* Debug */,
				F498B1642E5DFDAE00A93EB1 /* Release */,
			);
			defaultConfigurationIsVisible = 0;
			defaultConfigurationName = Release;
		};
		F498B1672E5DFDAE00A93EB1 /* Build configuration list for PBXNativeTarget "GradeTrackerTests" */ = {
			isa = XCConfigurationList;
			buildConfigurations = (
				F498B1682E5DFDAE00A93EB1 /* Debug */,
				F498B1692E5DFDAE00A93EB1 /* Release */,
			);
			defaultConfigurationIsVisible = 0;
			defaultConfigurationName = Release;
		};
		F498B16A2E5DFDAE00A93EB1 /* Build configuration list for PBXNativeTarget "GradeTrackerUITests" */ = {
			isa = XCConfigurationList;
			buildConfigurations = (
				F498B16B2E5DFDAE00A93EB1 /* Debug */,
				F498B16C2E5DFDAE00A93EB1 /* Release */,
			);
			defaultConfigurationIsVisible = 0;
			defaultConfigurationName = Release;
		};
/* End XCConfigurationList section */
	};
	rootObject = F498B1362E5DFDAC00A93EB1 /* Project object */;
}
